
Microsoft Visual Studio Solution File, Format Version 12.00
# Visual Studio Version 17
VisualStudioVersion = 17.1.32210.238
MinimumVisualStudioVersion = 10.0.40219.1
Project("{9A19103F-16F7-4668-BE54-9A1E7A4F7556}") = "MediaOrganizerConsoleApp", "MediaOrganizerConsoleApp.csproj", "{1C9D6864-BFA0-4029-8ED2-43E05A84CECE}"
EndProject
Global
	GlobalSection(SolutionConfigurationPlatforms) = preSolution
		Debug|Any CPU = Debug|Any CPU
		Release|Any CPU = Release|Any CPU
	EndGlobalSection
	GlobalSection(ProjectConfigurationPlatforms) = postSolution
		{1C9D6864-BFA0-4029-8ED2-43E05A84CECE}.Debug|Any CPU.ActiveCfg = Debug|Any CPU
		{1C9D6864-BFA0-4029-8ED2-43E05A84CECE}.Debug|Any CPU.Build.0 = Debug|Any CPU
		{1C9D6864-BFA0-4029-8ED2-43E05A84CECE}.Release|Any CPU.ActiveCfg = Release|Any CPU
		{1C9D6864-BFA0-4029-8ED2-43E05A84CECE}.Release|Any CPU.Build.0 = Release|Any CPU
	EndGlobalSection
	GlobalSection(SolutionProperties) = preSolution
		HideSolutionNode = FALSE
	EndGlobalSection
	GlobalSection(ExtensibilityGlobals) = postSolution
		SolutionGuid = {3079F324-C236-40B6-93AA-D2EF780A7A13}
	EndGlobalSection
EndGlobal
