
Microsoft Visual Studio Solution File, Format Version 12.00
# Visual Studio Version 16
VisualStudioVersion = 16.0.30907.101
MinimumVisualStudioVersion = 10.0.40219.1
Project("{FAE04EC0-301F-11D3-BF4B-00C04F79EFBC}") = "MediaOrganizerConsoleApp", "MediaOrganizerConsoleApp\MediaOrganizerConsoleApp.csproj", "{27C2FAEE-9F0E-4CAF-940B-DCE67194CBE5}"
EndProject
Global
	GlobalSection(SolutionConfigurationPlatforms) = preSolution
		Debug|Any CPU = Debug|Any CPU
		Release|Any CPU = Release|Any CPU
	EndGlobalSection
	GlobalSection(ProjectConfigurationPlatforms) = postSolution
		{27C2FAEE-9F0E-4CAF-940B-DCE67194CBE5}.Debug|Any CPU.ActiveCfg = Debug|Any CPU
		{27C2FAEE-9F0E-4CAF-940B-DCE67194CBE5}.Debug|Any CPU.Build.0 = Debug|Any CPU
		{27C2FAEE-9F0E-4CAF-940B-DCE67194CBE5}.Release|Any CPU.ActiveCfg = Release|Any CPU
		{27C2FAEE-9F0E-4CAF-940B-DCE67194CBE5}.Release|Any CPU.Build.0 = Release|Any CPU
	EndGlobalSection
	GlobalSection(SolutionProperties) = preSolution
		HideSolutionNode = FALSE
	EndGlobalSection
	GlobalSection(ExtensibilityGlobals) = postSolution
		SolutionGuid = {401602F1-65A0-4F6D-BAF1-DCA5FB9C98AC}
	EndGlobalSection
EndGlobal
